
Microsoft Visual Studio Solution File, Format Version 12.00
# Visual Studio Version 17
VisualStudioVersion = 17.13.35931.197 d17.13
MinimumVisualStudioVersion = 10.0.40219.1
Project("{FAE04EC0-301F-11D3-BF4B-00C04F79EFBC}") = "OOAD_Main", "OOAD_Main\OOAD_Main.csproj", "{FA66BF5F-18B1-4C57-A3DF-F8186303F902}"
EndProject
Global
	GlobalSection(SolutionConfigurationPlatforms) = preSolution
		Debug|Any CPU = Debug|Any CPU
		Release|Any CPU = Release|Any CPU
	EndGlobalSection
	GlobalSection(ProjectConfigurationPlatforms) = postSolution
		{FA66BF5F-18B1-4C57-A3DF-F8186303F902}.Debug|Any CPU.ActiveCfg = Debug|Any CPU
		{FA66BF5F-18B1-4C57-A3DF-F8186303F902}.Debug|Any CPU.Build.0 = Debug|Any CPU
		{FA66BF5F-18B1-4C57-A3DF-F8186303F902}.Release|Any CPU.ActiveCfg = Release|Any CPU
		{FA66BF5F-18B1-4C57-A3DF-F8186303F902}.Release|Any CPU.Build.0 = Release|Any CPU
	EndGlobalSection
	GlobalSection(SolutionProperties) = preSolution
		HideSolutionNode = FALSE
	EndGlobalSection
	GlobalSection(ExtensibilityGlobals) = postSolution
		SolutionGuid = {A158F2D3-F86F-4033-932A-843A1D7956D0}
	EndGlobalSection
EndGlobal
